// !$*UTF8*$!
{
	archiveVersion = 1;
	classes = {
	};
	objectVersion = 55;
	objects = {

/* Begin PBXBuildFile section */
		30C10A57EFEABF72FC411F5A /* Pods_ChuniQuery.framework in Frameworks */ = {isa = PBXBuildFile; fileRef = ED6F9EC995896B4805AC6CDA /* Pods_ChuniQuery.framework */; };
		451E4064CE832EF6AD22D1B4 /* Pods_ChuniQuery_ChuniQueryUITests.framework in Frameworks */ = {isa = PBXBuildFile; fileRef = B76A327A0A4FCDFADEAA1D4D /* Pods_ChuniQuery_ChuniQueryUITests.framework */; };
		7EA79CE6C949A2FEFBF626F4 /* Pods_ChuniQuery_ChuniQueryTests.framework in Frameworks */ = {isa = PBXBuildFile; fileRef = 0949932A749EDF11CAED6901 /* Pods_ChuniQuery_ChuniQueryTests.framework */; };
		7F315CC227368EF900508ABB /* ChuniQueryApp.swift in Sources */ = {isa = PBXBuildFile; fileRef = 7F315CC127368EF900508ABB /* ChuniQueryApp.swift */; };
		7F315CC427368EF900508ABB /* MainView.swift in Sources */ = {isa = PBXBuildFile; fileRef = 7F315CC327368EF900508ABB /* MainView.swift */; };
		7F315CC627368EF900508ABB /* Assets.xcassets in Resources */ = {isa = PBXBuildFile; fileRef = 7F315CC527368EF900508ABB /* Assets.xcassets */; };
		7F315CC927368EF900508ABB /* Preview Assets.xcassets in Resources */ = {isa = PBXBuildFile; fileRef = 7F315CC827368EF900508ABB /* Preview Assets.xcassets */; };
		7F315CCB27368EF900508ABB /* Persistence.swift in Sources */ = {isa = PBXBuildFile; fileRef = 7F315CCA27368EF900508ABB /* Persistence.swift */; };
		7F315CD827368EF900508ABB /* ChuniQueryTests.swift in Sources */ = {isa = PBXBuildFile; fileRef = 7F315CD727368EF900508ABB /* ChuniQueryTests.swift */; };
		7F315CE227368EF900508ABB /* ChuniQueryUITests.swift in Sources */ = {isa = PBXBuildFile; fileRef = 7F315CE127368EF900508ABB /* ChuniQueryUITests.swift */; };
		7F315CE427368EF900508ABB /* ChuniQueryUITestsLaunchTests.swift in Sources */ = {isa = PBXBuildFile; fileRef = 7F315CE327368EF900508ABB /* ChuniQueryUITestsLaunchTests.swift */; };
		7F70FF0B2737DA6100B416BF /* MinimeQuery.swift in Sources */ = {isa = PBXBuildFile; fileRef = 7F70FF0A2737DA6100B416BF /* MinimeQuery.swift */; };
		7F8DF0072736F60700C14208 /* PlayerDataView.swift in Sources */ = {isa = PBXBuildFile; fileRef = 7F8DF0062736F60700C14208 /* PlayerDataView.swift */; };
		7F8DF0092736FBAE00C14208 /* B30View.swift in Sources */ = {isa = PBXBuildFile; fileRef = 7F8DF0082736FBAE00C14208 /* B30View.swift */; };
		7F8DF00B2736FC0A00C14208 /* R10View.swift in Sources */ = {isa = PBXBuildFile; fileRef = 7F8DF00A2736FC0A00C14208 /* R10View.swift */; };
		7F8DF00D2736FCF600C14208 /* RecentPlayView.swift in Sources */ = {isa = PBXBuildFile; fileRef = 7F8DF00C2736FCF600C14208 /* RecentPlayView.swift */; };
		7F8DF00F2736FD4F00C14208 /* ModTicketCountView.swift in Sources */ = {isa = PBXBuildFile; fileRef = 7F8DF00E2736FD4F00C14208 /* ModTicketCountView.swift */; };
		7F8DF0112736FDE800C14208 /* ChangeServerView.swift in Sources */ = {isa = PBXBuildFile; fileRef = 7F8DF0102736FDE800C14208 /* ChangeServerView.swift */; };
		7F8DF0132737017400C14208 /* ChangeNameView.swift in Sources */ = {isa = PBXBuildFile; fileRef = 7F8DF0122737017400C14208 /* ChangeNameView.swift */; };
		7F8DF0152737086500C14208 /* ChangeTeamView.swift in Sources */ = {isa = PBXBuildFile; fileRef = 7F8DF0142737086500C14208 /* ChangeTeamView.swift */; };
		7F8DF0172737098200C14208 /* ChangeCardIDView.swift in Sources */ = {isa = PBXBuildFile; fileRef = 7F8DF0162737098200C14208 /* ChangeCardIDView.swift */; };
		7F8DF01927370C6900C14208 /* SongCard.swift in Sources */ = {isa = PBXBuildFile; fileRef = 7F8DF01827370C6900C14208 /* SongCard.swift */; };
		7FB4DD522738D01F003843B3 /* JSONModel.swift in Sources */ = {isa = PBXBuildFile; fileRef = 7FB4DD512738D01F003843B3 /* JSONModel.swift */; };
		7FC798F0273A5DEB00B6939E /* ChuniQuery.xcdatamodeld in Sources */ = {isa = PBXBuildFile; fileRef = 7FC798EE273A5DEB00B6939E /* ChuniQuery.xcdatamodeld */; };
/* End PBXBuildFile section */

/* Begin PBXContainerItemProxy section */
		7F315CD427368EF900508ABB /* PBXContainerItemProxy */ = {
			isa = PBXContainerItemProxy;
			containerPortal = 7F315CB627368EF800508ABB /* Project object */;
			proxyType = 1;
			remoteGlobalIDString = 7F315CBD27368EF800508ABB;
			remoteInfo = ChuniQuery;
		};
		7F315CDE27368EF900508ABB /* PBXContainerItemProxy */ = {
			isa = PBXContainerItemProxy;
			containerPortal = 7F315CB627368EF800508ABB /* Project object */;
			proxyType = 1;
			remoteGlobalIDString = 7F315CBD27368EF800508ABB;
			remoteInfo = ChuniQuery;
		};
/* End PBXContainerItemProxy section */

/* Begin PBXFileReference section */
		0459DB99B19927C60351B96E /* Pods-ChuniQueryTests.release.xcconfig */ = {isa = PBXFileReference; includeInIndex = 1; lastKnownFileType = text.xcconfig; name = "Pods-ChuniQueryTests.release.xcconfig"; path = "Target Support Files/Pods-ChuniQueryTests/Pods-ChuniQueryTests.release.xcconfig"; sourceTree = "<group>"; };
		05046E6A8CD1BE881083A2E1 /* Pods-ChuniQuery-ChuniQueryTests.release.xcconfig */ = {isa = PBXFileReference; includeInIndex = 1; lastKnownFileType = text.xcconfig; name = "Pods-ChuniQuery-ChuniQueryTests.release.xcconfig"; path = "Target Support Files/Pods-ChuniQuery-ChuniQueryTests/Pods-ChuniQuery-ChuniQueryTests.release.xcconfig"; sourceTree = "<group>"; };
		0949932A749EDF11CAED6901 /* Pods_ChuniQuery_ChuniQueryTests.framework */ = {isa = PBXFileReference; explicitFileType = wrapper.framework; includeInIndex = 0; path = Pods_ChuniQuery_ChuniQueryTests.framework; sourceTree = BUILT_PRODUCTS_DIR; };
		55D1B51F69AF0BBCD7860AA9 /* Pods-ChuniQuery-ChuniQueryUITests.debug.xcconfig */ = {isa = PBXFileReference; includeInIndex = 1; lastKnownFileType = text.xcconfig; name = "Pods-ChuniQuery-ChuniQueryUITests.debug.xcconfig"; path = "Target Support Files/Pods-ChuniQuery-ChuniQueryUITests/Pods-ChuniQuery-ChuniQueryUITests.debug.xcconfig"; sourceTree = "<group>"; };
		5B71983A480E1F4A442F954C /* Pods-ChuniQueryTests.debug.xcconfig */ = {isa = PBXFileReference; includeInIndex = 1; lastKnownFileType = text.xcconfig; name = "Pods-ChuniQueryTests.debug.xcconfig"; path = "Target Support Files/Pods-ChuniQueryTests/Pods-ChuniQueryTests.debug.xcconfig"; sourceTree = "<group>"; };
		7F315CBE27368EF900508ABB /* ChuniQuery.app */ = {isa = PBXFileReference; explicitFileType = wrapper.application; includeInIndex = 0; path = ChuniQuery.app; sourceTree = BUILT_PRODUCTS_DIR; };
		7F315CC127368EF900508ABB /* ChuniQueryApp.swift */ = {isa = PBXFileReference; lastKnownFileType = sourcecode.swift; path = ChuniQueryApp.swift; sourceTree = "<group>"; };
		7F315CC327368EF900508ABB /* MainView.swift */ = {isa = PBXFileReference; lastKnownFileType = sourcecode.swift; path = MainView.swift; sourceTree = "<group>"; };
		7F315CC527368EF900508ABB /* Assets.xcassets */ = {isa = PBXFileReference; lastKnownFileType = folder.assetcatalog; path = Assets.xcassets; sourceTree = "<group>"; };
		7F315CC827368EF900508ABB /* Preview Assets.xcassets */ = {isa = PBXFileReference; lastKnownFileType = folder.assetcatalog; path = "Preview Assets.xcassets"; sourceTree = "<group>"; };
		7F315CCA27368EF900508ABB /* Persistence.swift */ = {isa = PBXFileReference; lastKnownFileType = sourcecode.swift; path = Persistence.swift; sourceTree = "<group>"; };
		7F315CD327368EF900508ABB /* ChuniQueryTests.xctest */ = {isa = PBXFileReference; explicitFileType = wrapper.cfbundle; includeInIndex = 0; path = ChuniQueryTests.xctest; sourceTree = BUILT_PRODUCTS_DIR; };
		7F315CD727368EF900508ABB /* ChuniQueryTests.swift */ = {isa = PBXFileReference; lastKnownFileType = sourcecode.swift; path = ChuniQueryTests.swift; sourceTree = "<group>"; };
		7F315CDD27368EF900508ABB /* ChuniQueryUITests.xctest */ = {isa = PBXFileReference; explicitFileType = wrapper.cfbundle; includeInIndex = 0; path = ChuniQueryUITests.xctest; sourceTree = BUILT_PRODUCTS_DIR; };
		7F315CE127368EF900508ABB /* ChuniQueryUITests.swift */ = {isa = PBXFileReference; lastKnownFileType = sourcecode.swift; path = ChuniQueryUITests.swift; sourceTree = "<group>"; };
		7F315CE327368EF900508ABB /* ChuniQueryUITestsLaunchTests.swift */ = {isa = PBXFileReference; lastKnownFileType = sourcecode.swift; path = ChuniQueryUITestsLaunchTests.swift; sourceTree = "<group>"; };
		7F70FF0A2737DA6100B416BF /* MinimeQuery.swift */ = {isa = PBXFileReference; lastKnownFileType = sourcecode.swift; path = MinimeQuery.swift; sourceTree = "<group>"; };
		7F8DF0062736F60700C14208 /* PlayerDataView.swift */ = {isa = PBXFileReference; lastKnownFileType = sourcecode.swift; path = PlayerDataView.swift; sourceTree = "<group>"; };
		7F8DF0082736FBAE00C14208 /* B30View.swift */ = {isa = PBXFileReference; lastKnownFileType = sourcecode.swift; path = B30View.swift; sourceTree = "<group>"; };
		7F8DF00A2736FC0A00C14208 /* R10View.swift */ = {isa = PBXFileReference; lastKnownFileType = sourcecode.swift; path = R10View.swift; sourceTree = "<group>"; };
		7F8DF00C2736FCF600C14208 /* RecentPlayView.swift */ = {isa = PBXFileReference; lastKnownFileType = sourcecode.swift; path = RecentPlayView.swift; sourceTree = "<group>"; };
		7F8DF00E2736FD4F00C14208 /* ModTicketCountView.swift */ = {isa = PBXFileReference; lastKnownFileType = sourcecode.swift; path = ModTicketCountView.swift; sourceTree = "<group>"; };
		7F8DF0102736FDE800C14208 /* ChangeServerView.swift */ = {isa = PBXFileReference; lastKnownFileType = sourcecode.swift; path = ChangeServerView.swift; sourceTree = "<group>"; };
		7F8DF0122737017400C14208 /* ChangeNameView.swift */ = {isa = PBXFileReference; lastKnownFileType = sourcecode.swift; path = ChangeNameView.swift; sourceTree = "<group>"; };
		7F8DF0142737086500C14208 /* ChangeTeamView.swift */ = {isa = PBXFileReference; lastKnownFileType = sourcecode.swift; path = ChangeTeamView.swift; sourceTree = "<group>"; };
		7F8DF0162737098200C14208 /* ChangeCardIDView.swift */ = {isa = PBXFileReference; lastKnownFileType = sourcecode.swift; path = ChangeCardIDView.swift; sourceTree = "<group>"; };
		7F8DF01827370C6900C14208 /* SongCard.swift */ = {isa = PBXFileReference; lastKnownFileType = sourcecode.swift; path = SongCard.swift; sourceTree = "<group>"; };
		7FB4DD512738D01F003843B3 /* JSONModel.swift */ = {isa = PBXFileReference; lastKnownFileType = sourcecode.swift; path = JSONModel.swift; sourceTree = "<group>"; };
		7FC798EF273A5DEB00B6939E /* ChuniQuery.xcdatamodel */ = {isa = PBXFileReference; lastKnownFileType = wrapper.xcdatamodel; path = ChuniQuery.xcdatamodel; sourceTree = "<group>"; };
		800D547CB826F24D0ABD839F /* Pods-ChuniQuery-ChuniQueryUITests.release.xcconfig */ = {isa = PBXFileReference; includeInIndex = 1; lastKnownFileType = text.xcconfig; name = "Pods-ChuniQuery-ChuniQueryUITests.release.xcconfig"; path = "Target Support Files/Pods-ChuniQuery-ChuniQueryUITests/Pods-ChuniQuery-ChuniQueryUITests.release.xcconfig"; sourceTree = "<group>"; };
		936381CBC75EB09A73C09956 /* Pods-ChuniQuery.debug.xcconfig */ = {isa = PBXFileReference; includeInIndex = 1; lastKnownFileType = text.xcconfig; name = "Pods-ChuniQuery.debug.xcconfig"; path = "Target Support Files/Pods-ChuniQuery/Pods-ChuniQuery.debug.xcconfig"; sourceTree = "<group>"; };
		A8D13F1A892911AEDC850D91 /* Pods-ChuniQuery-ChuniQueryTests.debug.xcconfig */ = {isa = PBXFileReference; includeInIndex = 1; lastKnownFileType = text.xcconfig; name = "Pods-ChuniQuery-ChuniQueryTests.debug.xcconfig"; path = "Target Support Files/Pods-ChuniQuery-ChuniQueryTests/Pods-ChuniQuery-ChuniQueryTests.debug.xcconfig"; sourceTree = "<group>"; };
		B76A327A0A4FCDFADEAA1D4D /* Pods_ChuniQuery_ChuniQueryUITests.framework */ = {isa = PBXFileReference; explicitFileType = wrapper.framework; includeInIndex = 0; path = Pods_ChuniQuery_ChuniQueryUITests.framework; sourceTree = BUILT_PRODUCTS_DIR; };
		ED6F9EC995896B4805AC6CDA /* Pods_ChuniQuery.framework */ = {isa = PBXFileReference; explicitFileType = wrapper.framework; includeInIndex = 0; path = Pods_ChuniQuery.framework; sourceTree = BUILT_PRODUCTS_DIR; };
		FDE5BA26C0A3A3361BD8305F /* Pods-ChuniQuery.release.xcconfig */ = {isa = PBXFileReference; includeInIndex = 1; lastKnownFileType = text.xcconfig; name = "Pods-ChuniQuery.release.xcconfig"; path = "Target Support Files/Pods-ChuniQuery/Pods-ChuniQuery.release.xcconfig"; sourceTree = "<group>"; };
/* End PBXFileReference section */

/* Begin PBXFrameworksBuildPhase section */
		7F315CBB27368EF800508ABB /* Frameworks */ = {
			isa = PBXFrameworksBuildPhase;
			buildActionMask = 2147483647;
			files = (
				30C10A57EFEABF72FC411F5A /* Pods_ChuniQuery.framework in Frameworks */,
			);
			runOnlyForDeploymentPostprocessing = 0;
		};
		7F315CD027368EF900508ABB /* Frameworks */ = {
			isa = PBXFrameworksBuildPhase;
			buildActionMask = 2147483647;
			files = (
				7EA79CE6C949A2FEFBF626F4 /* Pods_ChuniQuery_ChuniQueryTests.framework in Frameworks */,
			);
			runOnlyForDeploymentPostprocessing = 0;
		};
		7F315CDA27368EF900508ABB /* Frameworks */ = {
			isa = PBXFrameworksBuildPhase;
			buildActionMask = 2147483647;
			files = (
				451E4064CE832EF6AD22D1B4 /* Pods_ChuniQuery_ChuniQueryUITests.framework in Frameworks */,
			);
			runOnlyForDeploymentPostprocessing = 0;
		};
/* End PBXFrameworksBuildPhase section */

/* Begin PBXGroup section */
		7F315CB527368EF800508ABB = {
			isa = PBXGroup;
			children = (
				7F315CC027368EF900508ABB /* ChuniQuery */,
				7F315CD627368EF900508ABB /* ChuniQueryTests */,
				7F315CE027368EF900508ABB /* ChuniQueryUITests */,
				7F315CBF27368EF900508ABB /* Products */,
				DDA8F8E57E191E2AD0F3DE13 /* Pods */,
				B24077D44127B20713DB26EA /* Frameworks */,
			);
			sourceTree = "<group>";
		};
		7F315CBF27368EF900508ABB /* Products */ = {
			isa = PBXGroup;
			children = (
				7F315CBE27368EF900508ABB /* ChuniQuery.app */,
				7F315CD327368EF900508ABB /* ChuniQueryTests.xctest */,
				7F315CDD27368EF900508ABB /* ChuniQueryUITests.xctest */,
			);
			name = Products;
			sourceTree = "<group>";
		};
		7F315CC027368EF900508ABB /* ChuniQuery */ = {
			isa = PBXGroup;
			children = (
				7FC798EA273A31B000B6939E /* DataModel */,
				7F70FF092737DA3C00B416BF /* Support */,
				7F8DF0032736BC7F00C14208 /* UI */,
				7F315CC127368EF900508ABB /* ChuniQueryApp.swift */,
				7F315CC527368EF900508ABB /* Assets.xcassets */,
				7F315CC727368EF900508ABB /* Preview Content */,
			);
			path = ChuniQuery;
			sourceTree = "<group>";
		};
		7F315CC727368EF900508ABB /* Preview Content */ = {
			isa = PBXGroup;
			children = (
				7F315CC827368EF900508ABB /* Preview Assets.xcassets */,
			);
			path = "Preview Content";
			sourceTree = "<group>";
		};
		7F315CD627368EF900508ABB /* ChuniQueryTests */ = {
			isa = PBXGroup;
			children = (
				7F315CD727368EF900508ABB /* ChuniQueryTests.swift */,
			);
			path = ChuniQueryTests;
			sourceTree = "<group>";
		};
		7F315CE027368EF900508ABB /* ChuniQueryUITests */ = {
			isa = PBXGroup;
			children = (
				7F315CE127368EF900508ABB /* ChuniQueryUITests.swift */,
				7F315CE327368EF900508ABB /* ChuniQueryUITestsLaunchTests.swift */,
			);
			path = ChuniQueryUITests;
			sourceTree = "<group>";
		};
		7F70FF092737DA3C00B416BF /* Support */ = {
			isa = PBXGroup;
			children = (
				7F70FF0A2737DA6100B416BF /* MinimeQuery.swift */,
				7FB4DD512738D01F003843B3 /* JSONModel.swift */,
			);
			path = Support;
			sourceTree = "<group>";
		};
		7F8DF0032736BC7F00C14208 /* UI */ = {
			isa = PBXGroup;
			children = (
				7F315CC327368EF900508ABB /* MainView.swift */,
				7F8DF0062736F60700C14208 /* PlayerDataView.swift */,
				7F8DF0082736FBAE00C14208 /* B30View.swift */,
				7F8DF00A2736FC0A00C14208 /* R10View.swift */,
				7F8DF00C2736FCF600C14208 /* RecentPlayView.swift */,
				7F8DF00E2736FD4F00C14208 /* ModTicketCountView.swift */,
				7F8DF0102736FDE800C14208 /* ChangeServerView.swift */,
				7F8DF0122737017400C14208 /* ChangeNameView.swift */,
				7F8DF0142737086500C14208 /* ChangeTeamView.swift */,
				7F8DF0162737098200C14208 /* ChangeCardIDView.swift */,
				7F8DF01827370C6900C14208 /* SongCard.swift */,
			);
			path = UI;
			sourceTree = "<group>";
		};
		7FC798EA273A31B000B6939E /* DataModel */ = {
			isa = PBXGroup;
			children = (
				7FC798EE273A5DEB00B6939E /* ChuniQuery.xcdatamodeld */,
				7F315CCA27368EF900508ABB /* Persistence.swift */,
			);
			path = DataModel;
			sourceTree = "<group>";
		};
		B24077D44127B20713DB26EA /* Frameworks */ = {
			isa = PBXGroup;
			children = (
				ED6F9EC995896B4805AC6CDA /* Pods_ChuniQuery.framework */,
				B76A327A0A4FCDFADEAA1D4D /* Pods_ChuniQuery_ChuniQueryUITests.framework */,
				0949932A749EDF11CAED6901 /* Pods_ChuniQuery_ChuniQueryTests.framework */,
			);
			name = Frameworks;
			sourceTree = "<group>";
		};
		DDA8F8E57E191E2AD0F3DE13 /* Pods */ = {
			isa = PBXGroup;
			children = (
				936381CBC75EB09A73C09956 /* Pods-ChuniQuery.debug.xcconfig */,
				FDE5BA26C0A3A3361BD8305F /* Pods-ChuniQuery.release.xcconfig */,
				55D1B51F69AF0BBCD7860AA9 /* Pods-ChuniQuery-ChuniQueryUITests.debug.xcconfig */,
				800D547CB826F24D0ABD839F /* Pods-ChuniQuery-ChuniQueryUITests.release.xcconfig */,
				5B71983A480E1F4A442F954C /* Pods-ChuniQueryTests.debug.xcconfig */,
				0459DB99B19927C60351B96E /* Pods-ChuniQueryTests.release.xcconfig */,
				A8D13F1A892911AEDC850D91 /* Pods-ChuniQuery-ChuniQueryTests.debug.xcconfig */,
				05046E6A8CD1BE881083A2E1 /* Pods-ChuniQuery-ChuniQueryTests.release.xcconfig */,
			);
			path = Pods;
			sourceTree = "<group>";
		};
/* End PBXGroup section */

/* Begin PBXNativeTarget section */
		7F315CBD27368EF800508ABB /* ChuniQuery */ = {
			isa = PBXNativeTarget;
			buildConfigurationList = 7F315CE727368EF900508ABB /* Build configuration list for PBXNativeTarget "ChuniQuery" */;
			buildPhases = (
				B114C9CD469A91B02BC95BD8 /* [CP] Check Pods Manifest.lock */,
				7F315CBA27368EF800508ABB /* Sources */,
				7F315CBB27368EF800508ABB /* Frameworks */,
				7F315CBC27368EF800508ABB /* Resources */,
				AB2AA61FA3799A602A25F192 /* [CP] Embed Pods Frameworks */,
			);
			buildRules = (
			);
			dependencies = (
			);
			name = ChuniQuery;
			productName = ChuniQuery;
			productReference = 7F315CBE27368EF900508ABB /* ChuniQuery.app */;
			productType = "com.apple.product-type.application";
		};
		7F315CD227368EF900508ABB /* ChuniQueryTests */ = {
			isa = PBXNativeTarget;
			buildConfigurationList = 7F315CEA27368EF900508ABB /* Build configuration list for PBXNativeTarget "ChuniQueryTests" */;
			buildPhases = (
				5C2CFAC6C52AE3798F292EE2 /* [CP] Check Pods Manifest.lock */,
				7F315CCF27368EF900508ABB /* Sources */,
				7F315CD027368EF900508ABB /* Frameworks */,
				7F315CD127368EF900508ABB /* Resources */,
				0A779D6E578937BF8BFC841A /* [CP] Embed Pods Frameworks */,
			);
			buildRules = (
			);
			dependencies = (
				7F315CD527368EF900508ABB /* PBXTargetDependency */,
			);
			name = ChuniQueryTests;
			productName = ChuniQueryTests;
			productReference = 7F315CD327368EF900508ABB /* ChuniQueryTests.xctest */;
			productType = "com.apple.product-type.bundle.unit-test";
		};
		7F315CDC27368EF900508ABB /* ChuniQueryUITests */ = {
			isa = PBXNativeTarget;
			buildConfigurationList = 7F315CED27368EF900508ABB /* Build configuration list for PBXNativeTarget "ChuniQueryUITests" */;
			buildPhases = (
				2ADE3CE97548B902D5D3B5B8 /* [CP] Check Pods Manifest.lock */,
				7F315CD927368EF900508ABB /* Sources */,
				7F315CDA27368EF900508ABB /* Frameworks */,
				7F315CDB27368EF900508ABB /* Resources */,
				07080AC452F1600AE111C708 /* [CP] Embed Pods Frameworks */,
			);
			buildRules = (
			);
			dependencies = (
				7F315CDF27368EF900508ABB /* PBXTargetDependency */,
			);
			name = ChuniQueryUITests;
			productName = ChuniQueryUITests;
			productReference = 7F315CDD27368EF900508ABB /* ChuniQueryUITests.xctest */;
			productType = "com.apple.product-type.bundle.ui-testing";
		};
/* End PBXNativeTarget section */

/* Begin PBXProject section */
		7F315CB627368EF800508ABB /* Project object */ = {
			isa = PBXProject;
			attributes = {
				BuildIndependentTargetsInParallel = 1;
				LastSwiftUpdateCheck = 1310;
				LastUpgradeCheck = 1310;
				TargetAttributes = {
					7F315CBD27368EF800508ABB = {
						CreatedOnToolsVersion = 13.1;
					};
					7F315CD227368EF900508ABB = {
						CreatedOnToolsVersion = 13.1;
						TestTargetID = 7F315CBD27368EF800508ABB;
					};
					7F315CDC27368EF900508ABB = {
						CreatedOnToolsVersion = 13.1;
						TestTargetID = 7F315CBD27368EF800508ABB;
					};
				};
			};
			buildConfigurationList = 7F315CB927368EF800508ABB /* Build configuration list for PBXProject "ChuniQuery" */;
			compatibilityVersion = "Xcode 13.0";
			developmentRegion = en;
			hasScannedForEncodings = 0;
			knownRegions = (
				en,
				Base,
			);
			mainGroup = 7F315CB527368EF800508ABB;
			productRefGroup = 7F315CBF27368EF900508ABB /* Products */;
			projectDirPath = "";
			projectRoot = "";
			targets = (
				7F315CBD27368EF800508ABB /* ChuniQuery */,
				7F315CD227368EF900508ABB /* ChuniQueryTests */,
				7F315CDC27368EF900508ABB /* ChuniQueryUITests */,
			);
		};
/* End PBXProject section */

/* Begin PBXResourcesBuildPhase section */
		7F315CBC27368EF800508ABB /* Resources */ = {
			isa = PBXResourcesBuildPhase;
			buildActionMask = 2147483647;
			files = (
				7F315CC927368EF900508ABB /* Preview Assets.xcassets in Resources */,
				7F315CC627368EF900508ABB /* Assets.xcassets in Resources */,
			);
			runOnlyForDeploymentPostprocessing = 0;
		};
		7F315CD127368EF900508ABB /* Resources */ = {
			isa = PBXResourcesBuildPhase;
			buildActionMask = 2147483647;
			files = (
			);
			runOnlyForDeploymentPostprocessing = 0;
		};
		7F315CDB27368EF900508ABB /* Resources */ = {
			isa = PBXResourcesBuildPhase;
			buildActionMask = 2147483647;
			files = (
			);
			runOnlyForDeploymentPostprocessing = 0;
		};
/* End PBXResourcesBuildPhase section */

/* Begin PBXShellScriptBuildPhase section */
		07080AC452F1600AE111C708 /* [CP] Embed Pods Frameworks */ = {
			isa = PBXShellScriptBuildPhase;
			buildActionMask = 2147483647;
			files = (
			);
			inputFileListPaths = (
				"${PODS_ROOT}/Target Support Files/Pods-ChuniQuery-ChuniQueryUITests/Pods-ChuniQuery-ChuniQueryUITests-frameworks-${CONFIGURATION}-input-files.xcfilelist",
			);
			name = "[CP] Embed Pods Frameworks";
			outputFileListPaths = (
				"${PODS_ROOT}/Target Support Files/Pods-ChuniQuery-ChuniQueryUITests/Pods-ChuniQuery-ChuniQueryUITests-frameworks-${CONFIGURATION}-output-files.xcfilelist",
			);
			runOnlyForDeploymentPostprocessing = 0;
			shellPath = /bin/sh;
			shellScript = "\"${PODS_ROOT}/Target Support Files/Pods-ChuniQuery-ChuniQueryUITests/Pods-ChuniQuery-ChuniQueryUITests-frameworks.sh\"\n";
			showEnvVarsInLog = 0;
		};
		0A779D6E578937BF8BFC841A /* [CP] Embed Pods Frameworks */ = {
			isa = PBXShellScriptBuildPhase;
			buildActionMask = 2147483647;
			files = (
			);
			inputFileListPaths = (
				"${PODS_ROOT}/Target Support Files/Pods-ChuniQuery-ChuniQueryTests/Pods-ChuniQuery-ChuniQueryTests-frameworks-${CONFIGURATION}-input-files.xcfilelist",
			);
			name = "[CP] Embed Pods Frameworks";
			outputFileListPaths = (
				"${PODS_ROOT}/Target Support Files/Pods-ChuniQuery-ChuniQueryTests/Pods-ChuniQuery-ChuniQueryTests-frameworks-${CONFIGURATION}-output-files.xcfilelist",
			);
			runOnlyForDeploymentPostprocessing = 0;
			shellPath = /bin/sh;
			shellScript = "\"${PODS_ROOT}/Target Support Files/Pods-ChuniQuery-ChuniQueryTests/Pods-ChuniQuery-ChuniQueryTests-frameworks.sh\"\n";
			showEnvVarsInLog = 0;
		};
		2ADE3CE97548B902D5D3B5B8 /* [CP] Check Pods Manifest.lock */ = {
			isa = PBXShellScriptBuildPhase;
			buildActionMask = 2147483647;
			files = (
			);
			inputFileListPaths = (
			);
			inputPaths = (
				"${PODS_PODFILE_DIR_PATH}/Podfile.lock",
				"${PODS_ROOT}/Manifest.lock",
			);
			name = "[CP] Check Pods Manifest.lock";
			outputFileListPaths = (
			);
			outputPaths = (
				"$(DERIVED_FILE_DIR)/Pods-ChuniQuery-ChuniQueryUITests-checkManifestLockResult.txt",
			);
			runOnlyForDeploymentPostprocessing = 0;
			shellPath = /bin/sh;
			shellScript = "diff \"${PODS_PODFILE_DIR_PATH}/Podfile.lock\" \"${PODS_ROOT}/Manifest.lock\" > /dev/null\nif [ $? != 0 ] ; then\n    # print error to STDERR\n    echo \"error: The sandbox is not in sync with the Podfile.lock. Run 'pod install' or update your CocoaPods installation.\" >&2\n    exit 1\nfi\n# This output is used by Xcode 'outputs' to avoid re-running this script phase.\necho \"SUCCESS\" > \"${SCRIPT_OUTPUT_FILE_0}\"\n";
			showEnvVarsInLog = 0;
		};
		5C2CFAC6C52AE3798F292EE2 /* [CP] Check Pods Manifest.lock */ = {
			isa = PBXShellScriptBuildPhase;
			buildActionMask = 2147483647;
			files = (
			);
			inputFileListPaths = (
			);
			inputPaths = (
				"${PODS_PODFILE_DIR_PATH}/Podfile.lock",
				"${PODS_ROOT}/Manifest.lock",
			);
			name = "[CP] Check Pods Manifest.lock";
			outputFileListPaths = (
			);
			outputPaths = (
				"$(DERIVED_FILE_DIR)/Pods-ChuniQuery-ChuniQueryTests-checkManifestLockResult.txt",
			);
			runOnlyForDeploymentPostprocessing = 0;
			shellPath = /bin/sh;
			shellScript = "diff \"${PODS_PODFILE_DIR_PATH}/Podfile.lock\" \"${PODS_ROOT}/Manifest.lock\" > /dev/null\nif [ $? != 0 ] ; then\n    # print error to STDERR\n    echo \"error: The sandbox is not in sync with the Podfile.lock. Run 'pod install' or update your CocoaPods installation.\" >&2\n    exit 1\nfi\n# This output is used by Xcode 'outputs' to avoid re-running this script phase.\necho \"SUCCESS\" > \"${SCRIPT_OUTPUT_FILE_0}\"\n";
			showEnvVarsInLog = 0;
		};
		AB2AA61FA3799A602A25F192 /* [CP] Embed Pods Frameworks */ = {
			isa = PBXShellScriptBuildPhase;
			buildActionMask = 2147483647;
			files = (
			);
			inputFileListPaths = (
				"${PODS_ROOT}/Target Support Files/Pods-ChuniQuery/Pods-ChuniQuery-frameworks-${CONFIGURATION}-input-files.xcfilelist",
			);
			name = "[CP] Embed Pods Frameworks";
			outputFileListPaths = (
				"${PODS_ROOT}/Target Support Files/Pods-ChuniQuery/Pods-ChuniQuery-frameworks-${CONFIGURATION}-output-files.xcfilelist",
			);
			runOnlyForDeploymentPostprocessing = 0;
			shellPath = /bin/sh;
			shellScript = "\"${PODS_ROOT}/Target Support Files/Pods-ChuniQuery/Pods-ChuniQuery-frameworks.sh\"\n";
			showEnvVarsInLog = 0;
		};
		B114C9CD469A91B02BC95BD8 /* [CP] Check Pods Manifest.lock */ = {
			isa = PBXShellScriptBuildPhase;
			buildActionMask = 2147483647;
			files = (
			);
			inputFileListPaths = (
			);
			inputPaths = (
				"${PODS_PODFILE_DIR_PATH}/Podfile.lock",
				"${PODS_ROOT}/Manifest.lock",
			);
			name = "[CP] Check Pods Manifest.lock";
			outputFileListPaths = (
			);
			outputPaths = (
				"$(DERIVED_FILE_DIR)/Pods-ChuniQuery-checkManifestLockResult.txt",
			);
			runOnlyForDeploymentPostprocessing = 0;
			shellPath = /bin/sh;
			shellScript = "diff \"${PODS_PODFILE_DIR_PATH}/Podfile.lock\" \"${PODS_ROOT}/Manifest.lock\" > /dev/null\nif [ $? != 0 ] ; then\n    # print error to STDERR\n    echo \"error: The sandbox is not in sync with the Podfile.lock. Run 'pod install' or update your CocoaPods installation.\" >&2\n    exit 1\nfi\n# This output is used by Xcode 'outputs' to avoid re-running this script phase.\necho \"SUCCESS\" > \"${SCRIPT_OUTPUT_FILE_0}\"\n";
			showEnvVarsInLog = 0;
		};
/* End PBXShellScriptBuildPhase section */

/* Begin PBXSourcesBuildPhase section */
		7F315CBA27368EF800508ABB /* Sources */ = {
			isa = PBXSourcesBuildPhase;
			buildActionMask = 2147483647;
			files = (
				7F8DF0132737017400C14208 /* ChangeNameView.swift in Sources */,
				7F8DF01927370C6900C14208 /* SongCard.swift in Sources */,
				7F315CCB27368EF900508ABB /* Persistence.swift in Sources */,
				7F8DF0172737098200C14208 /* ChangeCardIDView.swift in Sources */,
				7FB4DD522738D01F003843B3 /* JSONModel.swift in Sources */,
				7F315CC427368EF900508ABB /* MainView.swift in Sources */,
				7F315CC227368EF900508ABB /* ChuniQueryApp.swift in Sources */,
				7F8DF00F2736FD4F00C14208 /* ModTicketCountView.swift in Sources */,
				7F8DF0092736FBAE00C14208 /* B30View.swift in Sources */,
				7F8DF0112736FDE800C14208 /* ChangeServerView.swift in Sources */,
				7F70FF0B2737DA6100B416BF /* MinimeQuery.swift in Sources */,
				7F8DF00D2736FCF600C14208 /* RecentPlayView.swift in Sources */,
				7FC798F0273A5DEB00B6939E /* ChuniQuery.xcdatamodeld in Sources */,
				7F8DF00B2736FC0A00C14208 /* R10View.swift in Sources */,
				7F8DF0072736F60700C14208 /* PlayerDataView.swift in Sources */,
				7F8DF0152737086500C14208 /* ChangeTeamView.swift in Sources */,
			);
			runOnlyForDeploymentPostprocessing = 0;
		};
		7F315CCF27368EF900508ABB /* Sources */ = {
			isa = PBXSourcesBuildPhase;
			buildActionMask = 2147483647;
			files = (
				7F315CD827368EF900508ABB /* ChuniQueryTests.swift in Sources */,
			);
			runOnlyForDeploymentPostprocessing = 0;
		};
		7F315CD927368EF900508ABB /* Sources */ = {
			isa = PBXSourcesBuildPhase;
			buildActionMask = 2147483647;
			files = (
				7F315CE227368EF900508ABB /* ChuniQueryUITests.swift in Sources */,
				7F315CE427368EF900508ABB /* ChuniQueryUITestsLaunchTests.swift in Sources */,
			);
			runOnlyForDeploymentPostprocessing = 0;
		};
/* End PBXSourcesBuildPhase section */

/* Begin PBXTargetDependency section */
		7F315CD527368EF900508ABB /* PBXTargetDependency */ = {
			isa = PBXTargetDependency;
			target = 7F315CBD27368EF800508ABB /* ChuniQuery */;
			targetProxy = 7F315CD427368EF900508ABB /* PBXContainerItemProxy */;
		};
		7F315CDF27368EF900508ABB /* PBXTargetDependency */ = {
			isa = PBXTargetDependency;
			target = 7F315CBD27368EF800508ABB /* ChuniQuery */;
			targetProxy = 7F315CDE27368EF900508ABB /* PBXContainerItemProxy */;
		};
/* End PBXTargetDependency section */

/* Begin XCBuildConfiguration section */
		7F315CE527368EF900508ABB /* Debug */ = {
			isa = XCBuildConfiguration;
			buildSettings = {
				ALWAYS_SEARCH_USER_PATHS = NO;
				CLANG_ANALYZER_NONNULL = YES;
				CLANG_ANALYZER_NUMBER_OBJECT_CONVERSION = YES_AGGRESSIVE;
				CLANG_CXX_LANGUAGE_STANDARD = "gnu++17";
				CLANG_CXX_LIBRARY = "libc++";
				CLANG_ENABLE_MODULES = YES;
				CLANG_ENABLE_OBJC_ARC = YES;
				CLANG_ENABLE_OBJC_WEAK = YES;
				CLANG_WARN_BLOCK_CAPTURE_AUTORELEASING = YES;
				CLANG_WARN_BOOL_CONVERSION = YES;
				CLANG_WARN_COMMA = YES;
				CLANG_WARN_CONSTANT_CONVERSION = YES;
				CLANG_WARN_DEPRECATED_OBJC_IMPLEMENTATIONS = YES;
				CLANG_WARN_DIRECT_OBJC_ISA_USAGE = YES_ERROR;
				CLANG_WARN_DOCUMENTATION_COMMENTS = YES;
				CLANG_WARN_EMPTY_BODY = YES;
				CLANG_WARN_ENUM_CONVERSION = YES;
				CLANG_WARN_INFINITE_RECURSION = YES;
				CLANG_WARN_INT_CONVERSION = YES;
				CLANG_WARN_NON_LITERAL_NULL_CONVERSION = YES;
				CLANG_WARN_OBJC_IMPLICIT_RETAIN_SELF = YES;
				CLANG_WARN_OBJC_LITERAL_CONVERSION = YES;
				CLANG_WARN_OBJC_ROOT_CLASS = YES_ERROR;
				CLANG_WARN_QUOTED_INCLUDE_IN_FRAMEWORK_HEADER = YES;
				CLANG_WARN_RANGE_LOOP_ANALYSIS = YES;
				CLANG_WARN_STRICT_PROTOTYPES = YES;
				CLANG_WARN_SUSPICIOUS_MOVE = YES;
				CLANG_WARN_UNGUARDED_AVAILABILITY = YES_AGGRESSIVE;
				CLANG_WARN_UNREACHABLE_CODE = YES;
				CLANG_WARN__DUPLICATE_METHOD_MATCH = YES;
				COPY_PHASE_STRIP = NO;
				DEBUG_INFORMATION_FORMAT = dwarf;
				ENABLE_STRICT_OBJC_MSGSEND = YES;
				ENABLE_TESTABILITY = YES;
				GCC_C_LANGUAGE_STANDARD = gnu11;
				GCC_DYNAMIC_NO_PIC = NO;
				GCC_NO_COMMON_BLOCKS = YES;
				GCC_OPTIMIZATION_LEVEL = 0;
				GCC_PREPROCESSOR_DEFINITIONS = (
					"DEBUG=1",
					"$(inherited)",
				);
				GCC_WARN_64_TO_32_BIT_CONVERSION = YES;
				GCC_WARN_ABOUT_RETURN_TYPE = YES_ERROR;
				GCC_WARN_UNDECLARED_SELECTOR = YES;
				GCC_WARN_UNINITIALIZED_AUTOS = YES_AGGRESSIVE;
				GCC_WARN_UNUSED_FUNCTION = YES;
				GCC_WARN_UNUSED_VARIABLE = YES;
				IPHONEOS_DEPLOYMENT_TARGET = 15.0;
				MTL_ENABLE_DEBUG_INFO = INCLUDE_SOURCE;
				MTL_FAST_MATH = YES;
				ONLY_ACTIVE_ARCH = YES;
				SDKROOT = iphoneos;
				SWIFT_ACTIVE_COMPILATION_CONDITIONS = DEBUG;
				SWIFT_OPTIMIZATION_LEVEL = "-Onone";
			};
			name = Debug;
		};
		7F315CE627368EF900508ABB /* Release */ = {
			isa = XCBuildConfiguration;
			buildSettings = {
				ALWAYS_SEARCH_USER_PATHS = NO;
				CLANG_ANALYZER_NONNULL = YES;
				CLANG_ANALYZER_NUMBER_OBJECT_CONVERSION = YES_AGGRESSIVE;
				CLANG_CXX_LANGUAGE_STANDARD = "gnu++17";
				CLANG_CXX_LIBRARY = "libc++";
				CLANG_ENABLE_MODULES = YES;
				CLANG_ENABLE_OBJC_ARC = YES;
				CLANG_ENABLE_OBJC_WEAK = YES;
				CLANG_WARN_BLOCK_CAPTURE_AUTORELEASING = YES;
				CLANG_WARN_BOOL_CONVERSION = YES;
				CLANG_WARN_COMMA = YES;
				CLANG_WARN_CONSTANT_CONVERSION = YES;
				CLANG_WARN_DEPRECATED_OBJC_IMPLEMENTATIONS = YES;
				CLANG_WARN_DIRECT_OBJC_ISA_USAGE = YES_ERROR;
				CLANG_WARN_DOCUMENTATION_COMMENTS = YES;
				CLANG_WARN_EMPTY_BODY = YES;
				CLANG_WARN_ENUM_CONVERSION = YES;
				CLANG_WARN_INFINITE_RECURSION = YES;
				CLANG_WARN_INT_CONVERSION = YES;
				CLANG_WARN_NON_LITERAL_NULL_CONVERSION = YES;
				CLANG_WARN_OBJC_IMPLICIT_RETAIN_SELF = YES;
				CLANG_WARN_OBJC_LITERAL_CONVERSION = YES;
				CLANG_WARN_OBJC_ROOT_CLASS = YES_ERROR;
				CLANG_WARN_QUOTED_INCLUDE_IN_FRAMEWORK_HEADER = YES;
				CLANG_WARN_RANGE_LOOP_ANALYSIS = YES;
				CLANG_WARN_STRICT_PROTOTYPES = YES;
				CLANG_WARN_SUSPICIOUS_MOVE = YES;
				CLANG_WARN_UNGUARDED_AVAILABILITY = YES_AGGRESSIVE;
				CLANG_WARN_UNREACHABLE_CODE = YES;
				CLANG_WARN__DUPLICATE_METHOD_MATCH = YES;
				COPY_PHASE_STRIP = NO;
				DEBUG_INFORMATION_FORMAT = "dwarf-with-dsym";
				ENABLE_NS_ASSERTIONS = NO;
				ENABLE_STRICT_OBJC_MSGSEND = YES;
				GCC_C_LANGUAGE_STANDARD = gnu11;
				GCC_NO_COMMON_BLOCKS = YES;
				GCC_WARN_64_TO_32_BIT_CONVERSION = YES;
				GCC_WARN_ABOUT_RETURN_TYPE = YES_ERROR;
				GCC_WARN_UNDECLARED_SELECTOR = YES;
				GCC_WARN_UNINITIALIZED_AUTOS = YES_AGGRESSIVE;
				GCC_WARN_UNUSED_FUNCTION = YES;
				GCC_WARN_UNUSED_VARIABLE = YES;
				IPHONEOS_DEPLOYMENT_TARGET = 15.0;
				MTL_ENABLE_DEBUG_INFO = NO;
				MTL_FAST_MATH = YES;
				SDKROOT = iphoneos;
				SWIFT_COMPILATION_MODE = wholemodule;
				SWIFT_OPTIMIZATION_LEVEL = "-O";
				VALIDATE_PRODUCT = YES;
			};
			name = Release;
		};
		7F315CE827368EF900508ABB /* Debug */ = {
			isa = XCBuildConfiguration;
			baseConfigurationReference = 936381CBC75EB09A73C09956 /* Pods-ChuniQuery.debug.xcconfig */;
			buildSettings = {
				ASSETCATALOG_COMPILER_APPICON_NAME = AppIcon;
				ASSETCATALOG_COMPILER_GLOBAL_ACCENT_COLOR_NAME = AccentColor;
				CODE_SIGN_STYLE = Automatic;
				CURRENT_PROJECT_VERSION = 1;
				DEVELOPMENT_ASSET_PATHS = "\"ChuniQuery/Preview Content\"";
				DEVELOPMENT_TEAM = 5XLQ7SX5MT;
				ENABLE_PREVIEWS = YES;
				FRAMEWORK_SEARCH_PATHS = (
					"$(inherited)",
					"\"${PODS_CONFIGURATION_BUILD_DIR}/Alamofire\"",
				);
				GENERATE_INFOPLIST_FILE = YES;
				HEADER_SEARCH_PATHS = (
					"$(inherited)",
					"\"${PODS_CONFIGURATION_BUILD_DIR}/Alamofire/Alamofire.framework/Headers\"",
				);
				INFOPLIST_KEY_UIApplicationSceneManifest_Generation = YES;
				INFOPLIST_KEY_UIApplicationSupportsIndirectInputEvents = YES;
				INFOPLIST_KEY_UILaunchScreen_Generation = YES;
				INFOPLIST_KEY_UISupportedInterfaceOrientations_iPad = "UIInterfaceOrientationPortrait UIInterfaceOrientationPortraitUpsideDown UIInterfaceOrientationLandscapeLeft UIInterfaceOrientationLandscapeRight";
				INFOPLIST_KEY_UISupportedInterfaceOrientations_iPhone = "UIInterfaceOrientationPortrait UIInterfaceOrientationLandscapeLeft UIInterfaceOrientationLandscapeRight";
				LD_RUNPATH_SEARCH_PATHS = (
					"$(inherited)",
					"@executable_path/Frameworks",
				);
				MARKETING_VERSION = 1.0;
				PRODUCT_BUNDLE_IDENTIFIER = sorehait.ChuniQuery;
				PRODUCT_NAME = "$(TARGET_NAME)";
				SWIFT_EMIT_LOC_STRINGS = YES;
				SWIFT_VERSION = 5.0;
				TARGETED_DEVICE_FAMILY = "1,2";
			};
			name = Debug;
		};
		7F315CE927368EF900508ABB /* Release */ = {
			isa = XCBuildConfiguration;
			baseConfigurationReference = FDE5BA26C0A3A3361BD8305F /* Pods-ChuniQuery.release.xcconfig */;
			buildSettings = {
				ASSETCATALOG_COMPILER_APPICON_NAME = AppIcon;
				ASSETCATALOG_COMPILER_GLOBAL_ACCENT_COLOR_NAME = AccentColor;
				CODE_SIGN_STYLE = Automatic;
				CURRENT_PROJECT_VERSION = 1;
				DEVELOPMENT_ASSET_PATHS = "\"ChuniQuery/Preview Content\"";
				DEVELOPMENT_TEAM = 5XLQ7SX5MT;
				ENABLE_PREVIEWS = YES;
				FRAMEWORK_SEARCH_PATHS = (
					"$(inherited)",
					"\"${PODS_CONFIGURATION_BUILD_DIR}/Alamofire\"",
				);
				GENERATE_INFOPLIST_FILE = YES;
				HEADER_SEARCH_PATHS = (
					"$(inherited)",
					"\"${PODS_CONFIGURATION_BUILD_DIR}/Alamofire/Alamofire.framework/Headers\"",
				);
				INFOPLIST_KEY_UIApplicationSceneManifest_Generation = YES;
				INFOPLIST_KEY_UIApplicationSupportsIndirectInputEvents = YES;
				INFOPLIST_KEY_UILaunchScreen_Generation = YES;
				INFOPLIST_KEY_UISupportedInterfaceOrientations_iPad = "UIInterfaceOrientationPortrait UIInterfaceOrientationPortraitUpsideDown UIInterfaceOrientationLandscapeLeft UIInterfaceOrientationLandscapeRight";
				INFOPLIST_KEY_UISupportedInterfaceOrientations_iPhone = "UIInterfaceOrientationPortrait UIInterfaceOrientationLandscapeLeft UIInterfaceOrientationLandscapeRight";
				LD_RUNPATH_SEARCH_PATHS = (
					"$(inherited)",
					"@executable_path/Frameworks",
				);
				MARKETING_VERSION = 1.0;
				PRODUCT_BUNDLE_IDENTIFIER = sorehait.ChuniQuery;
				PRODUCT_NAME = "$(TARGET_NAME)";
				SWIFT_EMIT_LOC_STRINGS = YES;
				SWIFT_VERSION = 5.0;
				TARGETED_DEVICE_FAMILY = "1,2";
			};
			name = Release;
		};
		7F315CEB27368EF900508ABB /* Debug */ = {
			isa = XCBuildConfiguration;
			baseConfigurationReference = A8D13F1A892911AEDC850D91 /* Pods-ChuniQuery-ChuniQueryTests.debug.xcconfig */;
			buildSettings = {
				ALWAYS_EMBED_SWIFT_STANDARD_LIBRARIES = YES;
				BUNDLE_LOADER = "$(TEST_HOST)";
				CODE_SIGN_STYLE = Automatic;
				CURRENT_PROJECT_VERSION = 1;
				DEVELOPMENT_TEAM = 5XLQ7SX5MT;
				FRAMEWORK_SEARCH_PATHS = (
					"$(inherited)",
					"\"${PODS_CONFIGURATION_BUILD_DIR}/Alamofire\"",
				);
				GENERATE_INFOPLIST_FILE = YES;
				IPHONEOS_DEPLOYMENT_TARGET = 15.0;
				LD_RUNPATH_SEARCH_PATHS = (
					"$(inherited)",
					"@executable_path/Frameworks",
					"@loader_path/Frameworks",
				);
				MARKETING_VERSION = 1.0;
				PRODUCT_BUNDLE_IDENTIFIER = sorehait.ChuniQueryTests;
				PRODUCT_NAME = "$(TARGET_NAME)";
				SWIFT_EMIT_LOC_STRINGS = NO;
				SWIFT_VERSION = 5.0;
				TARGETED_DEVICE_FAMILY = "1,2";
				TEST_HOST = "$(BUILT_PRODUCTS_DIR)/ChuniQuery.app/ChuniQuery";
			};
			name = Debug;
		};
		7F315CEC27368EF900508ABB /* Release */ = {
			isa = XCBuildConfiguration;
			baseConfigurationReference = 05046E6A8CD1BE881083A2E1 /* Pods-ChuniQuery-ChuniQueryTests.release.xcconfig */;
			buildSettings = {
				ALWAYS_EMBED_SWIFT_STANDARD_LIBRARIES = YES;
				BUNDLE_LOADER = "$(TEST_HOST)";
				CODE_SIGN_STYLE = Automatic;
				CURRENT_PROJECT_VERSION = 1;
				DEVELOPMENT_TEAM = 5XLQ7SX5MT;
				FRAMEWORK_SEARCH_PATHS = (
					"$(inherited)",
					"\"${PODS_CONFIGURATION_BUILD_DIR}/Alamofire\"",
				);
				GENERATE_INFOPLIST_FILE = YES;
				IPHONEOS_DEPLOYMENT_TARGET = 15.0;
				LD_RUNPATH_SEARCH_PATHS = (
					"$(inherited)",
					"@executable_path/Frameworks",
					"@loader_path/Frameworks",
				);
				MARKETING_VERSION = 1.0;
				PRODUCT_BUNDLE_IDENTIFIER = sorehait.ChuniQueryTests;
				PRODUCT_NAME = "$(TARGET_NAME)";
				SWIFT_EMIT_LOC_STRINGS = NO;
				SWIFT_VERSION = 5.0;
				TARGETED_DEVICE_FAMILY = "1,2";
				TEST_HOST = "$(BUILT_PRODUCTS_DIR)/ChuniQuery.app/ChuniQuery";
			};
			name = Release;
		};
		7F315CEE27368EF900508ABB /* Debug */ = {
			isa = XCBuildConfiguration;
			baseConfigurationReference = 55D1B51F69AF0BBCD7860AA9 /* Pods-ChuniQuery-ChuniQueryUITests.debug.xcconfig */;
			buildSettings = {
				ALWAYS_EMBED_SWIFT_STANDARD_LIBRARIES = YES;
				CODE_SIGN_STYLE = Automatic;
				CURRENT_PROJECT_VERSION = 1;
				DEVELOPMENT_TEAM = 5XLQ7SX5MT;
				FRAMEWORK_SEARCH_PATHS = (
					"$(inherited)",
					"\"${PODS_CONFIGURATION_BUILD_DIR}/Alamofire\"",
				);
				GENERATE_INFOPLIST_FILE = YES;
				LD_RUNPATH_SEARCH_PATHS = (
					"$(inherited)",
					"@executable_path/Frameworks",
					"@loader_path/Frameworks",
				);
				MARKETING_VERSION = 1.0;
				PRODUCT_BUNDLE_IDENTIFIER = sorehait.ChuniQueryUITests;
				PRODUCT_NAME = "$(TARGET_NAME)";
				SWIFT_EMIT_LOC_STRINGS = NO;
				SWIFT_VERSION = 5.0;
				TARGETED_DEVICE_FAMILY = "1,2";
				TEST_TARGET_NAME = ChuniQuery;
			};
			name = Debug;
		};
		7F315CEF27368EF900508ABB /* Release */ = {
			isa = XCBuildConfiguration;
			baseConfigurationReference = 800D547CB826F24D0ABD839F /* Pods-ChuniQuery-ChuniQueryUITests.release.xcconfig */;
			buildSettings = {
				ALWAYS_EMBED_SWIFT_STANDARD_LIBRARIES = YES;
				CODE_SIGN_STYLE = Automatic;
				CURRENT_PROJECT_VERSION = 1;
				DEVELOPMENT_TEAM = 5XLQ7SX5MT;
				FRAMEWORK_SEARCH_PATHS = (
					"$(inherited)",
					"\"${PODS_CONFIGURATION_BUILD_DIR}/Alamofire\"",
				);
				GENERATE_INFOPLIST_FILE = YES;
				LD_RUNPATH_SEARCH_PATHS = (
					"$(inherited)",
					"@executable_path/Frameworks",
					"@loader_path/Frameworks",
				);
				MARKETING_VERSION = 1.0;
				PRODUCT_BUNDLE_IDENTIFIER = sorehait.ChuniQueryUITests;
				PRODUCT_NAME = "$(TARGET_NAME)";
				SWIFT_EMIT_LOC_STRINGS = NO;
				SWIFT_VERSION = 5.0;
				TARGETED_DEVICE_FAMILY = "1,2";
				TEST_TARGET_NAME = ChuniQuery;
			};
			name = Release;
		};
/* End XCBuildConfiguration section */

/* Begin XCConfigurationList section */
		7F315CB927368EF800508ABB /* Build configuration list for PBXProject "ChuniQuery" */ = {
			isa = XCConfigurationList;
			buildConfigurations = (
				7F315CE527368EF900508ABB /* Debug */,
				7F315CE627368EF900508ABB /* Release */,
			);
			defaultConfigurationIsVisible = 0;
			defaultConfigurationName = Release;
		};
		7F315CE727368EF900508ABB /* Build configuration list for PBXNativeTarget "ChuniQuery" */ = {
			isa = XCConfigurationList;
			buildConfigurations = (
				7F315CE827368EF900508ABB /* Debug */,
				7F315CE927368EF900508ABB /* Release */,
			);
			defaultConfigurationIsVisible = 0;
			defaultConfigurationName = Release;
		};
		7F315CEA27368EF900508ABB /* Build configuration list for PBXNativeTarget "ChuniQueryTests" */ = {
			isa = XCConfigurationList;
			buildConfigurations = (
				7F315CEB27368EF900508ABB /* Debug */,
				7F315CEC27368EF900508ABB /* Release */,
			);
			defaultConfigurationIsVisible = 0;
			defaultConfigurationName = Release;
		};
		7F315CED27368EF900508ABB /* Build configuration list for PBXNativeTarget "ChuniQueryUITests" */ = {
			isa = XCConfigurationList;
			buildConfigurations = (
				7F315CEE27368EF900508ABB /* Debug */,
				7F315CEF27368EF900508ABB /* Release */,
			);
			defaultConfigurationIsVisible = 0;
			defaultConfigurationName = Release;
		};
/* End XCConfigurationList section */

/* Begin XCVersionGroup section */
		7FC798EE273A5DEB00B6939E /* ChuniQuery.xcdatamodeld */ = {
			isa = XCVersionGroup;
			children = (
				7FC798EF273A5DEB00B6939E /* ChuniQuery.xcdatamodel */,
			);
			currentVersion = 7FC798EF273A5DEB00B6939E /* ChuniQuery.xcdatamodel */;
			path = ChuniQuery.xcdatamodeld;
			sourceTree = "<group>";
			versionGroupType = wrapper.xcdatamodel;
		};
/* End XCVersionGroup section */
	};
	rootObject = 7F315CB627368EF800508ABB /* Project object */;
}
